// !$*UTF8*$!
{
	archiveVersion = 1;
	classes = {
	};
	objectVersion = 56;
	objects = {

/* Begin PBXBuildFile section */
		CECCD7C02C26664D00B16DFC /* FirebaseAuth in Frameworks */ = {isa = PBXBuildFile; productRef = CECCD7BF2C26664D00B16DFC /* FirebaseAuth */; };
		CECCD7C22C26664D00B16DFC /* FirebaseFirestore in Frameworks */ = {isa = PBXBuildFile; productRef = CECCD7C12C26664D00B16DFC /* FirebaseFirestore */; };
		CECCD7C42C26664D00B16DFC /* FirebaseStorage in Frameworks */ = {isa = PBXBuildFile; productRef = CECCD7C32C26664D00B16DFC /* FirebaseStorage */; };
		CECCD7CC2C2668F300B16DFC /* LoginView.swift in Sources */ = {isa = PBXBuildFile; fileRef = CECCD7CB2C2668F300B16DFC /* LoginView.swift */; };
		CECCD7D12C26919C00B16DFC /* MainMessagesView.swift in Sources */ = {isa = PBXBuildFile; fileRef = CECCD7D02C26919C00B16DFC /* MainMessagesView.swift */; };
		CECCD7D42C26BB2800B16DFC /* SDWebImageSwiftUI in Frameworks */ = {isa = PBXBuildFile; productRef = CECCD7D32C26BB2800B16DFC /* SDWebImageSwiftUI */; };
		CECCD7D62C27F02500B16DFC /* Model in Resources */ = {isa = PBXBuildFile; fileRef = CECCD7D52C27F02400B16DFC /* Model */; };
		CECCD7DA2C28139900B16DFC /* NewMessage in Resources */ = {isa = PBXBuildFile; fileRef = CECCD7D92C28139900B16DFC /* NewMessage */; };
		CEF73F6B2C0AD44F002FD5EE /* ChatDemoApp.swift in Sources */ = {isa = PBXBuildFile; fileRef = CEF73F6A2C0AD44F002FD5EE /* ChatDemoApp.swift */; };
		CEF73F6F2C0AD452002FD5EE /* Assets.xcassets in Resources */ = {isa = PBXBuildFile; fileRef = CEF73F6E2C0AD452002FD5EE /* Assets.xcassets */; };
		CEF73F722C0AD452002FD5EE /* Preview Assets.xcassets in Resources */ = {isa = PBXBuildFile; fileRef = CEF73F712C0AD452002FD5EE /* Preview Assets.xcassets */; };
		CEF73F7C2C0DB889002FD5EE /* GoogleService-Info.plist in Resources */ = {isa = PBXBuildFile; fileRef = CEF73F7B2C0DB889002FD5EE /* GoogleService-Info.plist */; };
		CEF73F7E2C0F09E6002FD5EE /* ImagePicker.swift in Sources */ = {isa = PBXBuildFile; fileRef = CEF73F7D2C0F09E6002FD5EE /* ImagePicker.swift */; };
/* End PBXBuildFile section */

/* Begin PBXFileReference section */
		CECCD7CB2C2668F300B16DFC /* LoginView.swift */ = {isa = PBXFileReference; lastKnownFileType = sourcecode.swift; path = LoginView.swift; sourceTree = "<group>"; };
		CECCD7D02C26919C00B16DFC /* MainMessagesView.swift */ = {isa = PBXFileReference; lastKnownFileType = sourcecode.swift; path = MainMessagesView.swift; sourceTree = "<group>"; };
		CECCD7D52C27F02400B16DFC /* Model */ = {isa = PBXFileReference; lastKnownFileType = folder; path = Model; sourceTree = "<group>"; };
		CECCD7D92C28139900B16DFC /* NewMessage */ = {isa = PBXFileReference; lastKnownFileType = folder; path = NewMessage; sourceTree = "<group>"; };
		CEF73F672C0AD44F002FD5EE /* ChatDemo.app */ = {isa = PBXFileReference; explicitFileType = wrapper.application; includeInIndex = 0; path = ChatDemo.app; sourceTree = BUILT_PRODUCTS_DIR; };
		CEF73F6A2C0AD44F002FD5EE /* ChatDemoApp.swift */ = {isa = PBXFileReference; lastKnownFileType = sourcecode.swift; path = ChatDemoApp.swift; sourceTree = "<group>"; };
		CEF73F6E2C0AD452002FD5EE /* Assets.xcassets */ = {isa = PBXFileReference; lastKnownFileType = folder.assetcatalog; path = Assets.xcassets; sourceTree = "<group>"; };
		CEF73F712C0AD452002FD5EE /* Preview Assets.xcassets */ = {isa = PBXFileReference; lastKnownFileType = folder.assetcatalog; path = "Preview Assets.xcassets"; sourceTree = "<group>"; };
		CEF73F7B2C0DB889002FD5EE /* GoogleService-Info.plist */ = {isa = PBXFileReference; fileEncoding = 4; lastKnownFileType = text.plist.xml; name = "GoogleService-Info.plist"; path = "../../../../Downloads/GoogleService-Info.plist"; sourceTree = "<group>"; };
		CEF73F7D2C0F09E6002FD5EE /* ImagePicker.swift */ = {isa = PBXFileReference; fileEncoding = 4; lastKnownFileType = sourcecode.swift; path = ImagePicker.swift; sourceTree = "<group>"; };
/* End PBXFileReference section */

/* Begin PBXFrameworksBuildPhase section */
		CEF73F642C0AD44F002FD5EE /* Frameworks */ = {
			isa = PBXFrameworksBuildPhase;
			buildActionMask = 2147483647;
			files = (
				CECCD7D42C26BB2800B16DFC /* SDWebImageSwiftUI in Frameworks */,
				CECCD7C02C26664D00B16DFC /* FirebaseAuth in Frameworks */,
				CECCD7C22C26664D00B16DFC /* FirebaseFirestore in Frameworks */,
				CECCD7C42C26664D00B16DFC /* FirebaseStorage in Frameworks */,
			);
			runOnlyForDeploymentPostprocessing = 0;
		};
/* End PBXFrameworksBuildPhase section */

/* Begin PBXGroup section */
		CECCD7CD2C26913800B16DFC /* MainMessages */ = {
			isa = PBXGroup;
			children = (
				CECCD7D92C28139900B16DFC /* NewMessage */,
				CECCD7D02C26919C00B16DFC /* MainMessagesView.swift */,
			);
			path = MainMessages;
			sourceTree = "<group>";
		};
		CEF73F5E2C0AD44F002FD5EE = {
			isa = PBXGroup;
			children = (
				CEF73F692C0AD44F002FD5EE /* ChatDemo */,
				CEF73F682C0AD44F002FD5EE /* Products */,
			);
			sourceTree = "<group>";
		};
		CEF73F682C0AD44F002FD5EE /* Products */ = {
			isa = PBXGroup;
			children = (
				CEF73F672C0AD44F002FD5EE /* ChatDemo.app */,
			);
			name = Products;
			sourceTree = "<group>";
		};
		CEF73F692C0AD44F002FD5EE /* ChatDemo */ = {
			isa = PBXGroup;
			children = (
				CECCD7D52C27F02400B16DFC /* Model */,
				CECCD7CD2C26913800B16DFC /* MainMessages */,
				CEF73F6A2C0AD44F002FD5EE /* ChatDemoApp.swift */,
				CEF73F7B2C0DB889002FD5EE /* GoogleService-Info.plist */,
				CEF73F7D2C0F09E6002FD5EE /* ImagePicker.swift */,
				CEF73F6E2C0AD452002FD5EE /* Assets.xcassets */,
				CEF73F702C0AD452002FD5EE /* Preview Content */,
				CECCD7CB2C2668F300B16DFC /* LoginView.swift */,
			);
			path = ChatDemo;
			sourceTree = "<group>";
		};
		CEF73F702C0AD452002FD5EE /* Preview Content */ = {
			isa = PBXGroup;
			children = (
				CEF73F712C0AD452002FD5EE /* Preview Assets.xcassets */,
			);
			path = "Preview Content";
			sourceTree = "<group>";
		};
/* End PBXGroup section */

/* Begin PBXNativeTarget section */
		CEF73F662C0AD44F002FD5EE /* ChatDemo */ = {
			isa = PBXNativeTarget;
			buildConfigurationList = CEF73F752C0AD452002FD5EE /* Build configuration list for PBXNativeTarget "ChatDemo" */;
			buildPhases = (
				CEF73F632C0AD44F002FD5EE /* Sources */,
				CEF73F642C0AD44F002FD5EE /* Frameworks */,
				CEF73F652C0AD44F002FD5EE /* Resources */,
			);
			buildRules = (
			);
			dependencies = (
			);
			name = ChatDemo;
			packageProductDependencies = (
				CECCD7BF2C26664D00B16DFC /* FirebaseAuth */,
				CECCD7C12C26664D00B16DFC /* FirebaseFirestore */,
				CECCD7C32C26664D00B16DFC /* FirebaseStorage */,
				CECCD7D32C26BB2800B16DFC /* SDWebImageSwiftUI */,
			);
			productName = ChatDemo;
			productReference = CEF73F672C0AD44F002FD5EE /* ChatDemo.app */;
			productType = "com.apple.product-type.application";
		};
/* End PBXNativeTarget section */

/* Begin PBXProject section */
		CEF73F5F2C0AD44F002FD5EE /* Project object */ = {
			isa = PBXProject;
			attributes = {
				BuildIndependentTargetsInParallel = 1;
				LastSwiftUpdateCheck = 1430;
				LastUpgradeCheck = 1430;
				TargetAttributes = {
					CEF73F662C0AD44F002FD5EE = {
						CreatedOnToolsVersion = 14.3.1;
					};
				};
			};
			buildConfigurationList = CEF73F622C0AD44F002FD5EE /* Build configuration list for PBXProject "ChatDemo" */;
			compatibilityVersion = "Xcode 14.0";
			developmentRegion = en;
			hasScannedForEncodings = 0;
			knownRegions = (
				en,
				Base,
			);
			mainGroup = CEF73F5E2C0AD44F002FD5EE;
			packageReferences = (
				CECCD7BE2C26664D00B16DFC /* XCRemoteSwiftPackageReference "firebase-ios-sdk" */,
				CECCD7D22C26BB2700B16DFC /* XCRemoteSwiftPackageReference "SDWebImageSwiftUI" */,
			);
			productRefGroup = CEF73F682C0AD44F002FD5EE /* Products */;
			projectDirPath = "";
			projectRoot = "";
			targets = (
				CEF73F662C0AD44F002FD5EE /* ChatDemo */,
			);
		};
/* End PBXProject section */

/* Begin PBXResourcesBuildPhase section */
		CEF73F652C0AD44F002FD5EE /* Resources */ = {
			isa = PBXResourcesBuildPhase;
			buildActionMask = 2147483647;
			files = (
				CEF73F722C0AD452002FD5EE /* Preview Assets.xcassets in Resources */,
				CEF73F6F2C0AD452002FD5EE /* Assets.xcassets in Resources */,
				CECCD7D62C27F02500B16DFC /* Model in Resources */,
				CECCD7DA2C28139900B16DFC /* NewMessage in Resources */,
				CEF73F7C2C0DB889002FD5EE /* GoogleService-Info.plist in Resources */,
			);
			runOnlyForDeploymentPostprocessing = 0;
		};
/* End PBXResourcesBuildPhase section */

/* Begin PBXSourcesBuildPhase section */
		CEF73F632C0AD44F002FD5EE /* Sources */ = {
			isa = PBXSourcesBuildPhase;
			buildActionMask = 2147483647;
			files = (
				CECCD7CC2C2668F300B16DFC /* LoginView.swift in Sources */,
				CECCD7D12C26919C00B16DFC /* MainMessagesView.swift in Sources */,
				CEF73F7E2C0F09E6002FD5EE /* ImagePicker.swift in Sources */,
				CEF73F6B2C0AD44F002FD5EE /* ChatDemoApp.swift in Sources */,
			);
			runOnlyForDeploymentPostprocessing = 0;
		};
/* End PBXSourcesBuildPhase section */

/* Begin XCBuildConfiguration section */
		CEF73F732C0AD452002FD5EE /* Debug */ = {
			isa = XCBuildConfiguration;
			buildSettings = {
				ALWAYS_SEARCH_USER_PATHS = NO;
				CLANG_ANALYZER_NONNULL = YES;
				CLANG_ANALYZER_NUMBER_OBJECT_CONVERSION = YES_AGGRESSIVE;
				CLANG_CXX_LANGUAGE_STANDARD = "gnu++20";
				CLANG_ENABLE_MODULES = YES;
				CLANG_ENABLE_OBJC_ARC = YES;
				CLANG_ENABLE_OBJC_WEAK = YES;
				CLANG_WARN_BLOCK_CAPTURE_AUTORELEASING = YES;
				CLANG_WARN_BOOL_CONVERSION = YES;
				CLANG_WARN_COMMA = YES;
				CLANG_WARN_CONSTANT_CONVERSION = YES;
				CLANG_WARN_DEPRECATED_OBJC_IMPLEMENTATIONS = YES;
				CLANG_WARN_DIRECT_OBJC_ISA_USAGE = YES_ERROR;
				CLANG_WARN_DOCUMENTATION_COMMENTS = YES;
				CLANG_WARN_EMPTY_BODY = YES;
				CLANG_WARN_ENUM_CONVERSION = YES;
				CLANG_WARN_INFINITE_RECURSION = YES;
				CLANG_WARN_INT_CONVERSION = YES;
				CLANG_WARN_NON_LITERAL_NULL_CONVERSION = YES;
				CLANG_WARN_OBJC_IMPLICIT_RETAIN_SELF = YES;
				CLANG_WARN_OBJC_LITERAL_CONVERSION = YES;
				CLANG_WARN_OBJC_ROOT_CLASS = YES_ERROR;
				CLANG_WARN_QUOTED_INCLUDE_IN_FRAMEWORK_HEADER = YES;
				CLANG_WARN_RANGE_LOOP_ANALYSIS = YES;
				CLANG_WARN_STRICT_PROTOTYPES = YES;
				CLANG_WARN_SUSPICIOUS_MOVE = YES;
				CLANG_WARN_UNGUARDED_AVAILABILITY = YES_AGGRESSIVE;
				CLANG_WARN_UNREACHABLE_CODE = YES;
				CLANG_WARN__DUPLICATE_METHOD_MATCH = YES;
				COPY_PHASE_STRIP = NO;
				DEBUG_INFORMATION_FORMAT = dwarf;
				ENABLE_STRICT_OBJC_MSGSEND = YES;
				ENABLE_TESTABILITY = YES;
				GCC_C_LANGUAGE_STANDARD = gnu11;
				GCC_DYNAMIC_NO_PIC = NO;
				GCC_NO_COMMON_BLOCKS = YES;
				GCC_OPTIMIZATION_LEVEL = 0;
				GCC_PREPROCESSOR_DEFINITIONS = (
					"DEBUG=1",
					"$(inherited)",
				);
				GCC_WARN_64_TO_32_BIT_CONVERSION = YES;
				GCC_WARN_ABOUT_RETURN_TYPE = YES_ERROR;
				GCC_WARN_UNDECLARED_SELECTOR = YES;
				GCC_WARN_UNINITIALIZED_AUTOS = YES_AGGRESSIVE;
				GCC_WARN_UNUSED_FUNCTION = YES;
				GCC_WARN_UNUSED_VARIABLE = YES;
				IPHONEOS_DEPLOYMENT_TARGET = 16.4;
				MTL_ENABLE_DEBUG_INFO = INCLUDE_SOURCE;
				MTL_FAST_MATH = YES;
				ONLY_ACTIVE_ARCH = YES;
				SDKROOT = iphoneos;
				SWIFT_ACTIVE_COMPILATION_CONDITIONS = DEBUG;
				SWIFT_OPTIMIZATION_LEVEL = "-Onone";
			};
			name = Debug;
		};
		CEF73F742C0AD452002FD5EE /* Release */ = {
			isa = XCBuildConfiguration;
			buildSettings = {
				ALWAYS_SEARCH_USER_PATHS = NO;
				CLANG_ANALYZER_NONNULL = YES;
				CLANG_ANALYZER_NUMBER_OBJECT_CONVERSION = YES_AGGRESSIVE;
				CLANG_CXX_LANGUAGE_STANDARD = "gnu++20";
				CLANG_ENABLE_MODULES = YES;
				CLANG_ENABLE_OBJC_ARC = YES;
				CLANG_ENABLE_OBJC_WEAK = YES;
				CLANG_WARN_BLOCK_CAPTURE_AUTORELEASING = YES;
				CLANG_WARN_BOOL_CONVERSION = YES;
				CLANG_WARN_COMMA = YES;
				CLANG_WARN_CONSTANT_CONVERSION = YES;
				CLANG_WARN_DEPRECATED_OBJC_IMPLEMENTATIONS = YES;
				CLANG_WARN_DIRECT_OBJC_ISA_USAGE = YES_ERROR;
				CLANG_WARN_DOCUMENTATION_COMMENTS = YES;
				CLANG_WARN_EMPTY_BODY = YES;
				CLANG_WARN_ENUM_CONVERSION = YES;
				CLANG_WARN_INFINITE_RECURSION = YES;
				CLANG_WARN_INT_CONVERSION = YES;
				CLANG_WARN_NON_LITERAL_NULL_CONVERSION = YES;
				CLANG_WARN_OBJC_IMPLICIT_RETAIN_SELF = YES;
				CLANG_WARN_OBJC_LITERAL_CONVERSION = YES;
				CLANG_WARN_OBJC_ROOT_CLASS = YES_ERROR;
				CLANG_WARN_QUOTED_INCLUDE_IN_FRAMEWORK_HEADER = YES;
				CLANG_WARN_RANGE_LOOP_ANALYSIS = YES;
				CLANG_WARN_STRICT_PROTOTYPES = YES;
				CLANG_WARN_SUSPICIOUS_MOVE = YES;
				CLANG_WARN_UNGUARDED_AVAILABILITY = YES_AGGRESSIVE;
				CLANG_WARN_UNREACHABLE_CODE = YES;
				CLANG_WARN__DUPLICATE_METHOD_MATCH = YES;
				COPY_PHASE_STRIP = NO;
				DEBUG_INFORMATION_FORMAT = "dwarf-with-dsym";
				ENABLE_NS_ASSERTIONS = NO;
				ENABLE_STRICT_OBJC_MSGSEND = YES;
				GCC_C_LANGUAGE_STANDARD = gnu11;
				GCC_NO_COMMON_BLOCKS = YES;
				GCC_WARN_64_TO_32_BIT_CONVERSION = YES;
				GCC_WARN_ABOUT_RETURN_TYPE = YES_ERROR;
				GCC_WARN_UNDECLARED_SELECTOR = YES;
				GCC_WARN_UNINITIALIZED_AUTOS = YES_AGGRESSIVE;
				GCC_WARN_UNUSED_FUNCTION = YES;
				GCC_WARN_UNUSED_VARIABLE = YES;
				IPHONEOS_DEPLOYMENT_TARGET = 16.4;
				MTL_ENABLE_DEBUG_INFO = NO;
				MTL_FAST_MATH = YES;
				SDKROOT = iphoneos;
				SWIFT_COMPILATION_MODE = wholemodule;
				SWIFT_OPTIMIZATION_LEVEL = "-O";
				VALIDATE_PRODUCT = YES;
			};
			name = Release;
		};
		CEF73F762C0AD452002FD5EE /* Debug */ = {
			isa = XCBuildConfiguration;
			buildSettings = {
				ASSETCATALOG_COMPILER_APPICON_NAME = AppIcon;
				ASSETCATALOG_COMPILER_GLOBAL_ACCENT_COLOR_NAME = AccentColor;
				CODE_SIGN_STYLE = Automatic;
				CURRENT_PROJECT_VERSION = 1;
				DEVELOPMENT_ASSET_PATHS = "\"ChatDemo/Preview Content\"";
				ENABLE_PREVIEWS = YES;
				GENERATE_INFOPLIST_FILE = YES;
				INFOPLIST_KEY_UIApplicationSceneManifest_Generation = YES;
				INFOPLIST_KEY_UIApplicationSupportsIndirectInputEvents = YES;
				INFOPLIST_KEY_UILaunchScreen_Generation = YES;
				INFOPLIST_KEY_UISupportedInterfaceOrientations_iPad = "UIInterfaceOrientationPortrait UIInterfaceOrientationPortraitUpsideDown UIInterfaceOrientationLandscapeLeft UIInterfaceOrientationLandscapeRight";
				INFOPLIST_KEY_UISupportedInterfaceOrientations_iPhone = "UIInterfaceOrientationPortrait UIInterfaceOrientationLandscapeLeft UIInterfaceOrientationLandscapeRight";
				LD_RUNPATH_SEARCH_PATHS = (
					"$(inherited)",
					"@executable_path/Frameworks",
				);
				MARKETING_VERSION = 1.0;
				PRODUCT_BUNDLE_IDENTIFIER = com.revo.ChatDemo;
				PRODUCT_NAME = "$(TARGET_NAME)";
				SWIFT_EMIT_LOC_STRINGS = YES;
				SWIFT_VERSION = 5.0;
				TARGETED_DEVICE_FAMILY = "1,2";
				VALIDATE_PRODUCT = NO;
			};
			name = Debug;
		};
		CEF73F772C0AD452002FD5EE /* Release */ = {
			isa = XCBuildConfiguration;
			buildSettings = {
				ASSETCATALOG_COMPILER_APPICON_NAME = AppIcon;
				ASSETCATALOG_COMPILER_GLOBAL_ACCENT_COLOR_NAME = AccentColor;
				CODE_SIGN_STYLE = Automatic;
				CURRENT_PROJECT_VERSION = 1;
				DEVELOPMENT_ASSET_PATHS = "\"ChatDemo/Preview Content\"";
				ENABLE_PREVIEWS = YES;
				GENERATE_INFOPLIST_FILE = YES;
				INFOPLIST_KEY_UIApplicationSceneManifest_Generation = YES;
				INFOPLIST_KEY_UIApplicationSupportsIndirectInputEvents = YES;
				INFOPLIST_KEY_UILaunchScreen_Generation = YES;
				INFOPLIST_KEY_UISupportedInterfaceOrientations_iPad = "UIInterfaceOrientationPortrait UIInterfaceOrientationPortraitUpsideDown UIInterfaceOrientationLandscapeLeft UIInterfaceOrientationLandscapeRight";
				INFOPLIST_KEY_UISupportedInterfaceOrientations_iPhone = "UIInterfaceOrientationPortrait UIInterfaceOrientationLandscapeLeft UIInterfaceOrientationLandscapeRight";
				LD_RUNPATH_SEARCH_PATHS = (
					"$(inherited)",
					"@executable_path/Frameworks",
				);
				MARKETING_VERSION = 1.0;
				PRODUCT_BUNDLE_IDENTIFIER = com.revo.ChatDemo;
				PRODUCT_NAME = "$(TARGET_NAME)";
				SWIFT_EMIT_LOC_STRINGS = YES;
				SWIFT_VERSION = 5.0;
				TARGETED_DEVICE_FAMILY = "1,2";
				VALIDATE_PRODUCT = NO;
			};
			name = Release;
		};
/* End XCBuildConfiguration section */

/* Begin XCConfigurationList section */
		CEF73F622C0AD44F002FD5EE /* Build configuration list for PBXProject "ChatDemo" */ = {
			isa = XCConfigurationList;
			buildConfigurations = (
				CEF73F732C0AD452002FD5EE /* Debug */,
				CEF73F742C0AD452002FD5EE /* Release */,
			);
			defaultConfigurationIsVisible = 0;
			defaultConfigurationName = Release;
		};
		CEF73F752C0AD452002FD5EE /* Build configuration list for PBXNativeTarget "ChatDemo" */ = {
			isa = XCConfigurationList;
			buildConfigurations = (
				CEF73F762C0AD452002FD5EE /* Debug */,
				CEF73F772C0AD452002FD5EE /* Release */,
			);
			defaultConfigurationIsVisible = 0;
			defaultConfigurationName = Release;
		};
/* End XCConfigurationList section */

/* Begin XCRemoteSwiftPackageReference section */
		CECCD7BE2C26664D00B16DFC /* XCRemoteSwiftPackageReference "firebase-ios-sdk" */ = {
			isa = XCRemoteSwiftPackageReference;
			repositoryURL = "https://github.com/firebase/firebase-ios-sdk";
			requirement = {
				kind = upToNextMajorVersion;
				minimumVersion = 10.0.0;
			};
		};
		CECCD7D22C26BB2700B16DFC /* XCRemoteSwiftPackageReference "SDWebImageSwiftUI" */ = {
			isa = XCRemoteSwiftPackageReference;
			repositoryURL = "https://github.com/SDWebImage/SDWebImageSwiftUI.git";
			requirement = {
				kind = upToNextMajorVersion;
				minimumVersion = 3.0.0;
			};
		};
/* End XCRemoteSwiftPackageReference section */

/* Begin XCSwiftPackageProductDependency section */
		CECCD7BF2C26664D00B16DFC /* FirebaseAuth */ = {
			isa = XCSwiftPackageProductDependency;
			package = CECCD7BE2C26664D00B16DFC /* XCRemoteSwiftPackageReference "firebase-ios-sdk" */;
			productName = FirebaseAuth;
		};
		CECCD7C12C26664D00B16DFC /* FirebaseFirestore */ = {
			isa = XCSwiftPackageProductDependency;
			package = CECCD7BE2C26664D00B16DFC /* XCRemoteSwiftPackageReference "firebase-ios-sdk" */;
			productName = FirebaseFirestore;
		};
		CECCD7C32C26664D00B16DFC /* FirebaseStorage */ = {
			isa = XCSwiftPackageProductDependency;
			package = CECCD7BE2C26664D00B16DFC /* XCRemoteSwiftPackageReference "firebase-ios-sdk" */;
			productName = FirebaseStorage;
		};
		CECCD7D32C26BB2800B16DFC /* SDWebImageSwiftUI */ = {
			isa = XCSwiftPackageProductDependency;
			package = CECCD7D22C26BB2700B16DFC /* XCRemoteSwiftPackageReference "SDWebImageSwiftUI" */;
			productName = SDWebImageSwiftUI;
		};
/* End XCSwiftPackageProductDependency section */
	};
	rootObject = CEF73F5F2C0AD44F002FD5EE /* Project object */;
}
